{
  "name": "example04",
  "version": "1.0.0",
  "lockfileVersion": 1,
  "requires": true,
  "dependencies": {
    "@foo/tool": {
      "version": "1.0.0",
      "resolved": "http://localhost:4873/@foo%2ftool/-/tool-1.0.0.tgz",
      "integrity": "sha512-7/3t97dWi0+oRLG4fBIuBFWg2/NQr9NtoHBXN4N3xMXPtER9zbJILn/AtfAJ8e9VrlOfCgoqhqHR6i6hIGOaIQ=="
    }
  }
}
