{
  "name": "example01",
  "version": "1.0.0",
  "lockfileVersion": 1,
  "requires": true,
  "dependencies": {
    "assemblyscript": {
      "version": "0.21.6",
      "resolved": "https://registry.npmjs.org/assemblyscript/-/assemblyscript-0.21.6.tgz",
      "integrity": "sha512-iTfLFmC8q1OTWrRT0dyZdQFFxv317LeCq6vkk8U7k6duyHn4zrUntYJyEiyvCcFJELTACGvM0iEjiLDwE66mdw==",
      "dev": true,
      "requires": {
        "binaryen": "110.0.0-nightly.20221006",
        "long": "^5.2.0"
      }
    },
    "binaryen": {
      "version": "110.0.0-nightly.20221006",
      "resolved": "https://registry.npmjs.org/binaryen/-/binaryen-110.0.0-nightly.20221006.tgz",
      "integrity": "sha512-yC7ZLoaZmXhm5cB0+g3rZkz5ujPSlhX+FEQtgaQHVxcL78D8cTXdRSdajhgQD345BVPsooOrSxqhX6tnULgBWg==",
      "dev": true
    },
    "long": {
      "version": "5.2.0",
      "resolved": "https://registry.npmjs.org/long/-/long-5.2.0.tgz",
      "integrity": "sha512-9RTUNjK60eJbx3uz+TEGF7fUr29ZDxR5QzXcyDpeSfeH28S9ycINflOgOlppit5U+4kNTe83KQnMEerw7GmE8w==",
      "dev": true
    }
  }
}
